
Microsoft Visual Studio Solution File, Format Version 12.00
# Visual Studio 15
VisualStudioVersion = 15.0.26403.7
MinimumVisualStudioVersion = 10.0.40219.1
Project("{FAE04EC0-301F-11D3-BF4B-00C04F79EFBC}") = "NetworkLib", "NetworkLib\NetworkLib.csproj", "{A9BE86F3-97F1-454D-8819-05AEF51A19A4}"
EndProject
Project("{FAE04EC0-301F-11D3-BF4B-00C04F79EFBC}") = "NetworkLibTests", "NetworkLibTests\NetworkLibTests.csproj", "{DA9D6823-A4FC-4039-8939-C3D8C1AA20E0}"
EndProject
Project("{FAE04EC0-301F-11D3-BF4B-00C04F79EFBC}") = "NetworkLibDemoProject", "NetworkLibDemoProject\NetworkLibDemoProject.csproj", "{FE99C84A-49B2-4245-BE81-3DF196557E36}"
EndProject
Global
	GlobalSection(SolutionConfigurationPlatforms) = preSolution
		Debug|Any CPU = Debug|Any CPU
		Release|Any CPU = Release|Any CPU
	EndGlobalSection
	GlobalSection(ProjectConfigurationPlatforms) = postSolution
		{A9BE86F3-97F1-454D-8819-05AEF51A19A4}.Debug|Any CPU.ActiveCfg = Debug|Any CPU
		{A9BE86F3-97F1-454D-8819-05AEF51A19A4}.Debug|Any CPU.Build.0 = Debug|Any CPU
		{A9BE86F3-97F1-454D-8819-05AEF51A19A4}.Release|Any CPU.ActiveCfg = Release|Any CPU
		{A9BE86F3-97F1-454D-8819-05AEF51A19A4}.Release|Any CPU.Build.0 = Release|Any CPU
		{DA9D6823-A4FC-4039-8939-C3D8C1AA20E0}.Debug|Any CPU.ActiveCfg = Debug|Any CPU
		{DA9D6823-A4FC-4039-8939-C3D8C1AA20E0}.Debug|Any CPU.Build.0 = Debug|Any CPU
		{DA9D6823-A4FC-4039-8939-C3D8C1AA20E0}.Release|Any CPU.ActiveCfg = Release|Any CPU
		{DA9D6823-A4FC-4039-8939-C3D8C1AA20E0}.Release|Any CPU.Build.0 = Release|Any CPU
		{FE99C84A-49B2-4245-BE81-3DF196557E36}.Debug|Any CPU.ActiveCfg = Debug|Any CPU
		{FE99C84A-49B2-4245-BE81-3DF196557E36}.Debug|Any CPU.Build.0 = Debug|Any CPU
		{FE99C84A-49B2-4245-BE81-3DF196557E36}.Release|Any CPU.ActiveCfg = Release|Any CPU
		{FE99C84A-49B2-4245-BE81-3DF196557E36}.Release|Any CPU.Build.0 = Release|Any CPU
	EndGlobalSection
	GlobalSection(SolutionProperties) = preSolution
		HideSolutionNode = FALSE
	EndGlobalSection
	GlobalSection(ExtensibilityGlobals) = postSolution
		SolutionGuid = {8C8FCBE7-36EF-4234-911F-79A00F1843C3}
	EndGlobalSection
EndGlobal
